# This file is autogenerated, do not edit; changes may be undone by the next 'dep ensure'.


[[projects]]
  branch = "master"
  name = "github.com/emluque/dscache"
  packages = ["."]
  revision = "1d7ba6ba6cd64d9db1c4812f981d8a4598ae4bbd"

[[projects]]
  branch = "master"
  name = "github.com/golang/protobuf"
  packages = ["proto"]
  revision = "6a1fa9404c0aebf36c879bc50152edcc953910d2"

[[projects]]
  name = "github.com/mercari/go-httpdoc"
  packages = ["."]
  revision = "33929ddc647542e0cfeed7b9d47ef7388fd4965b"
  version = "v0.1.0"

[[projects]]
  branch = "master"
  name = "github.com/tenntenn/gpath"
  packages = ["."]
  revision = "3e6e957a3952b7035ef4e4119cc88d01a41bdb51"

[[projects]]
  name = "go.uber.org/atomic"
  packages = ["."]
  revision = "4e336646b2ef9fc6e47be8e21594178f98e5ebcf"
  version = "v1.2.0"

[[projects]]
  name = "go.uber.org/zap"
  packages = [".","buffer","internal/bufferpool","internal/color","internal/exit","internal/multierror","zapcore"]
  revision = "9cabc84638b70e564c3dab2766efcb1ded2aac9f"
  version = "v1.4.1"

[solve-meta]
  analyzer-name = "dep"
  analyzer-version = 1
  inputs-digest = "b450e3cce25df8962b748833a3ade4978a560081543d3ab9f721786cc071fc9f"
  solver-name = "gps-cdcl"
  solver-version = 1
